# This file was autogenerated by uv via the following command:
#    uv pip compile requirements-ci-test.in --constraint requirements-linux-amd64.lock --python-version 3.12 --python-platform x86_64-manylinux_2_34 --generate-hashes --only-binary :all: --output-file requirements-ci-test.lock
anyio==4.15.1 \
    --hash=sha256:6152fdbbf9a77fdec97731721bebf7c4c44f7c29b424b0065826173efc7ed101 \
    --hash=sha256:9f28306018cbd6d329e64a36d58256edff76dd996fe423bc957326e578b82a94
    # via
    #   -c requirements-linux-amd64.lock
    #   httpx
certifi==2026.7.22 \
    --hash=sha256:62f22742b58a1a33014a2b6b706588a8d7e2a88ae7bd1a6ebe8c992928483775 \
    --hash=sha256:741e2c3b351ddf169a738da9f2c048608ff7f2c5cc02f1ebc6b118bb090d5d55
    # via
    #   -c requirements-linux-amd64.lock
    #   httpcore
    #   httpx
h11==0.16.0 \
    --hash=sha256:4e35b956cf45792e4caa5885e69fba00bdbc6ffafbfa020300e549b208ee5ff1 \
    --hash=sha256:63cf8bbe7522de3bf65932fda1d9c2772064ffb3dae62d55932da54b31cb6c86
    # via
    #   -c requirements-linux-amd64.lock
    #   httpcore
httpcore==1.0.9 \
    --hash=sha256:2d400746a40668fc9dec9810239072b40b4484b640a8c38fd654a024c7a1bf55 \
    --hash=sha256:6e34463af53fd2ab5d807f399a9b45ea31c3dfa2276f15a2c3f00afff6e176e8
    # via httpx
httpx==0.28.1 \
    --hash=sha256:75e98c5f16b0f35b567856f597f06ff2270a374470a5c2392242528e3e3e42fc \
    --hash=sha256:d909fcccc110f8c7faf814ca82a9a4d816bc5a6dbfea25d6591d6985b8ba59ad
    # via -r requirements-ci-test.in
idna==3.20 \
    --hash=sha256:a7db850025b95ded1eae8a46181a1a6c56c92c96f0e2b005d9ff8dc0210cab44 \
    --hash=sha256:ab7ae7122974553370f0bdb919e1a960b2cd1bc1ef0276416d896db81c14582c
    # via
    #   -c requirements-linux-amd64.lock
    #   anyio
    #   httpx
iniconfig==2.3.0 \
    --hash=sha256:c76315c77db068650d49c5b56314774a7804df16fee4402c1f19d6d15d8c4730 \
    --hash=sha256:f631c04d2c48c52b84d0d0549c99ff3859c98df65b3101406327ecc7d53fbf12
    # via pytest
packaging==26.3 \
    --hash=sha256:94edc256424af38762eb31306eed28beb9f0efc50a8837492c9d6fd6004aed79 \
    --hash=sha256:d7193f7c8e4e93f444fde0262bf90af30e16fa0ad0ad44cb553c87339b23cd1c
    # via pytest
pglast==7.18 \
    --hash=sha256:00139cfd245bf3d15294c83d6437b70ee1cf5df7f3cbf2804d8ea867d905c6ce \
    --hash=sha256:02ee2507e3db541cf62ef2f703a90c20af3004d4ef77674b880fe09970bbdac3 \
    --hash=sha256:031c3e3951b1cb266e4e80c05ded86a0908fd57f77fff0f8f1db722da00bce00 \
    --hash=sha256:03fa7953ff3b741943a6c5d4c23ea3473627e62b241fb2134920a282b8175a7c \
    --hash=sha256:0489ad9b8ce2cb21f3205991adbbaaa23ae34ac34b6c91038be5aa631fca92d8 \
    --hash=sha256:09fbea628043f14776c99bfa2052467e1a8b7a3124c2d51f5bd68ae62af5c91a \
    --hash=sha256:18b52362cea47c87025d031015232da555c70e34762a351633ae040db1ec3c01 \
    --hash=sha256:1c0af531cdf9d16e445822796a902028ed4e09a58ce44d916876e1a9e774d04d \
    --hash=sha256:204e4dafd8cb3b3f18cdb22ae99171553693ed4711142fc7f274906ed7e257ce \
    --hash=sha256:2ab1e7a05a2e18c4ab38f2a480aa55be1151642767318a7bda6b8d512863e49f \
    --hash=sha256:2cc0781c44c4802439d60711ef498a82959ecb8f20f5a4b196257170700149df \
    --hash=sha256:31873776e947e00cbdd8c04ae2e7783d52719d93a45a010796a9c14d69b867c2 \
    --hash=sha256:322616e62232444b48babb4f1678e965dd4c34fb62a6096ee31d6302e397d8fd \
    --hash=sha256:336b9504ea2c79859232b5f8df9cd0512c99e00f260134e3f83ea412514062d3 \
    --hash=sha256:39458dde35acf3ff5cba02c9f4d5df74a02a17d947b9fa874a6d7253d1ed0ba8 \
    --hash=sha256:3e2157111bc957570815691e42aafb8c5866a4775a10e68704521948f5631127 \
    --hash=sha256:3e66f7ef7346c364a76a2ccad5752edda4d68b72c9c2234f94643c5b01bfb1bf \
    --hash=sha256:40716ca82db47977a9f7b6c31cd5eba5b38b7295ea332d7f5bd1854bb11eebf3 \
    --hash=sha256:4128f1e77dcf2d0ad60b674e156c8a2b2ff18eb08f32229115e1a1932c6fdbec \
    --hash=sha256:41b5cfbb4c17d1507fa2d5a8e1936014f91726d4d0b25a02cdc07fa29a717045 \
    --hash=sha256:43447491ecad101edd4556a545bba959db3a9118755d4a32e7cdc3097aba18e5 \
    --hash=sha256:4429d8aaf617258543510d9a1af78cc17d2276c4af8d1af76cb71124c77ba5a0 \
    --hash=sha256:4a7494def60facf232608a2487c69263f33498079cfcd8769b086e9bafc44915 \
    --hash=sha256:52e76d158b01977e52b035f5c9703afbe444a3c167dbd88b15f4ae0c15df611f \
    --hash=sha256:578533de19c726ace3650233b3de100f194e3da87def94af70772d137617dff8 \
    --hash=sha256:5922126e1fa1c6585fb4dd3996ffb2801191686346aa3a8d9b0171c492c5f42a \
    --hash=sha256:59f47c8b983d53b1954edebab99ffe3fdb50f6e0a65ae8f17f11ef61d30772a8 \
    --hash=sha256:5d1c8da2e72d202562fac5e8c2275e58ac6c17ae779fd95262bbb1304889fae1 \
    --hash=sha256:5fb188a980a2931526920714bd140ff713a9007d1eb5c335f3e4cba1078f301f \
    --hash=sha256:604aebd8a50e8336de535585d59b1191675225fc3cd475c6e0a75b9fe06efef8 \
    --hash=sha256:614da083d6f03849535f6b6a24c9eb994beb0968c7e03809eb1c089417b77edf \
    --hash=sha256:633bb344bb5923fea29b1a03bdca6affb5f2ec9f5a9e0326166de4f712d362f5 \
    --hash=sha256:63acfb61f51e5d61eb726d923f7b31ad8555854061c82d9cfebaa0d28283ddb5 \
    --hash=sha256:6c3c4ca0d88e2f5dc9d261a1a718be02426f14758c13b1665c431f756e6e5f1e \
    --hash=sha256:7495ae7a49877107bde3daa7f9e109ebe495c0c429968a21fd08ff31cc83808c \
    --hash=sha256:8048727e80fb3f50ff854716eedcc2d6aa4dc2f5f26923a756745da90a29e724 \
    --hash=sha256:909c21e6bcfd23405800261f621b64370780455bbfc31d11a97b6f21a30b8276 \
    --hash=sha256:90cd42b4b9987346f3066ca1381a99eeb08d0fcc4bcae98894745233bb5de583 \
    --hash=sha256:913e0c6ae7716e78ffd74908650df7c18913e59aac508e44ba60d182d6e20bc1 \
    --hash=sha256:935c4e590c6c5d24110bb513a2bed3729bad874aca62f2e433558e5e1bfe60bb \
    --hash=sha256:93e182df8433ccf1e02c50c1661313f5868acdf788bd3158a8bcad8274b80c9b \
    --hash=sha256:9fc1f01febcb50faf02ef7295b2b93b0686c177e54149857504cf53f207914e3 \
    --hash=sha256:a184ab79c699d7125587876065d271c8b245d332c2b0a5b8b9626d9d57e01805 \
    --hash=sha256:a43295ccef3b7e9a75ab9b1f1c83d8128c3184c548840f26f12dd320d9c924df \
    --hash=sha256:a816df9f33bb04778ff1c6ffdef3a8d210b65f1fef732bce66523a93fa30eece \
    --hash=sha256:aa46b9334280ae2e915eb8a4eab97433a052f67e23f9a8123e4a2493a056500e \
    --hash=sha256:b0329e999e3801eb6d8a41fdf7aab8f39716d8c50e8f10b787412a4985a10a49 \
    --hash=sha256:b5a38a00453e0af536642b60083e9c3539ef3621be8e23cf0a35f43068956603 \
    --hash=sha256:bbb04c585372ac08e9944a35fdf1db19be170816fd94efb878f9567268f7327c \
    --hash=sha256:befccddcdfc34a228a8271db7610614695654e7a7bd37c20db2ee1fa310683e7 \
    --hash=sha256:c9e83a9ebca30a1a8854f101c00f464220b790dec16229fe0b9ca1aeefdb3e02 \
    --hash=sha256:cbce09d3492aef76f294a93a39fee472376a32db3c2a93d77ee9822e2bb630a2 \
    --hash=sha256:d64d67d5e41488aeb24611f21bddab21a8b9df1c944316dd1ff46e65209e86f9 \
    --hash=sha256:da8a22d5c04ccbdb524402946c61b2d4b63115aceb2a80ac48d44352a3f0f769 \
    --hash=sha256:df127b4b6dcc75b34a6dc3ba45a2e137f6b9d0f6d3092bf1ab569cee64178a4f \
    --hash=sha256:e1a9e5320924ddbfb02cf9f348abefe794e533527c78ad9e39de87856775328d \
    --hash=sha256:e217944dc604308370170b7f0d16020e82a0e3c5d9d1f3112451487c263794ac \
    --hash=sha256:e5c6db81ea36d8f173d189a4a33c7438f8cc07df38b86bed9e21fc04bc3d49b6 \
    --hash=sha256:e7c6370220f671055c306faf5579272f5c989d20466172bf1f91618d13660a62 \
    --hash=sha256:eb59e37df30e93df7bc1f94fb90a994481cef0ec00e1c197f2520e183c813d49 \
    --hash=sha256:ebf9119a4198b4ba0909934c859ccf6a126da57081ac7f5f732d9ede416030b6 \
    --hash=sha256:f1429a3f0eb49bca482bcdf280798711408d5a05f8287c8c5e08f4136ea85f46 \
    --hash=sha256:f28b95f75f191ec3f443d0fba2a7504da1d3dad842d6ab052562f7d90244cc26 \
    --hash=sha256:f2b3488c63613c21dc9b1fbdc2c7c24caae83813e6a597e74056208f67d2bae0 \
    --hash=sha256:f3130bc0fb7a5bed411c29ba5f3d884b47b6b4a10758e7d45fb4936293384230 \
    --hash=sha256:f46438c119deed549fad32c3430324c51e81e6d6e68b9aa037f22e19aa429f67 \
    --hash=sha256:f8e9fe32c1876fc371ed973874438ae019fb0f7246447734cf956a0d572d1c86 \
    --hash=sha256:f8fb3f05ce5ca0ea05c3a7c3a2c65e238be1410cd70b3c32a3660c5fa79ee01f \
    --hash=sha256:f91aeb2d31c0e9790182d4a022905df7773d87c32d8c16c383e2f50652d9a833 \
    --hash=sha256:fbfb5b7c83ef9a97e2e35e18a27a8729e9a4b4c22bbbabb72d1dd1195d02e260 \
    --hash=sha256:fd612d6441e7139440881a1916bf6831e0d32f3c58a58d0daaf94c39a99ed102 \
    --hash=sha256:fe06e5f4c197c5cd08b7bb0ec5f216e992c91f1c4042dc19e825270ffcbaefa2 \
    --hash=sha256:ffd154bba7872675d4c922a9c84b8315bac7ecd53d578a0029ebf7d1dd6a2cfa
    # via -r requirements-ci-test.in
pluggy==1.6.0 \
    --hash=sha256:7dcc130b76258d33b90f61b658791dede3486c3e6bfb003ee5c9bfb396dd22f3 \
    --hash=sha256:e920276dd6813095e9377c0bc5566d94c932c33b27a3e3945d8389c374dd4746
    # via pytest
pygments==2.21.0 \
    --hash=sha256:2363c69b61c4a97c838da3b130dcd6468f4848992b21a82f2a63ec34377137d9 \
    --hash=sha256:610ca751c9bc2492b38eb9a38a7fbc93edbbb2d7182edaf34e66ae493dee5c8c
    # via pytest
pytest==9.1.1 \
    --hash=sha256:1088fbde8f2b49d95a549a195707afa7a76a3ce9bcadc26b6d71f0ffda5fe313 \
    --hash=sha256:37a86b45efb9a47a61a36449063e8e18d0cab3161329fc099eb21783169c4f0c
    # via -r requirements-ci-test.in
typing-extensions==4.16.0 \
    --hash=sha256:481caa481374e813c1b176ada14e97f1f67a4539ce9cfeb3f350d78d6370c2e8 \
    --hash=sha256:dc983d19a509c94dba722ee6abd33940f7c05a89e243c47e907eb4db6f1a43e5
    # via
    #   -c requirements-linux-amd64.lock
    #   anyio
